PODS:
  - SDWebImage (3.7.5):
    - SDWebImage/Core (= 3.7.5)
  - SDWebImage/Core (3.7.5)
  - SocketRocket (0.4.2)
  - WeexSDK (0.6.0):
    - SocketRocket

DEPENDENCIES:
  - SDWebImage (= 3.7.5)
  - SocketRocket (= 0.4.2)
  - WeexSDK (from `../`)

EXTERNAL SOURCES:
  WeexSDK:
    :path: "../"

SPEC CHECKSUMS:
  SDWebImage: 69c6303e3348fba97e03f65d65d4fbc26740f461
  SocketRocket: ffe08119b00ef982f6c37052a4705a057c8494ad
  WeexSDK: 7f143a04a3a2611302cccb0913153739c09c01ca

PODFILE CHECKSUM: d7d99978da13efb2307b89eb20067a386feeb169

COCOAPODS: 1.0.1
